# This file is automatically @generated by Poetry 2.1.1 and should not be changed by hand.

[[package]]
name = "cloudpathlib"
version = "0.21.1"
description = "pathlib-style classes for cloud storage services."
optional = true
python-versions = ">=3.9"
groups = ["main"]
markers = "extra == \"anypath\""
files = [
    {file = "cloudpathlib-0.21.1-py3-none-any.whl", hash = "sha256:bfe580ad72ec030472ec233cd7380701b2d3227da7b2898387bd170aa70c803c"},
    {file = "cloudpathlib-0.21.1.tar.gz", hash = "sha256:f26a855abf34d98f267aafd15efdb2db3c9665913dbabe5fad079df92837a431"},
]

[package.dependencies]
typing-extensions = {version = ">4", markers = "python_version < \"3.11\""}

[package.extras]
all = ["cloudpathlib[azure]", "cloudpathlib[gs]", "cloudpathlib[s3]"]
azure = ["azure-storage-blob (>=12)", "azure-storage-file-datalake (>=12)"]
gs = ["google-cloud-storage"]
s3 = ["boto3 (>=1.34.0)"]

[[package]]
name = "colorama"
version = "0.4.6"
description = "Cross-platform colored terminal text."
optional = false
python-versions = "!=3.0.*,!=3.1.*,!=3.2.*,!=3.3.*,!=3.4.*,!=3.5.*,!=3.6.*,>=2.7"
groups = ["dev"]
markers = "sys_platform == \"win32\""
files = [
    {file = "colorama-0.4.6-py2.py3-none-any.whl", hash = "sha256:4f1d9991f5acc0ca119f9d443620b77f9d6b33703e51011c16baf57afb285fc6"},
    {file = "colorama-0.4.6.tar.gz", hash = "sha256:08695f5cb7ed6e0531a20572697297273c47b8cae5a63ffc6d6ed5c201be6e44"},
]

[[package]]
name = "coverage"
version = "7.10.5"
description = "Code coverage measurement for Python"
optional = false
python-versions = ">=3.9"
groups = ["dev"]
files = [
    {file = "coverage-7.10.5-cp310-cp310-macosx_10_9_x86_64.whl", hash = "sha256:c6a5c3414bfc7451b879141ce772c546985163cf553f08e0f135f0699a911801"},
    {file = "coverage-7.10.5-cp310-cp310-macosx_11_0_arm64.whl", hash = "sha256:bc8e4d99ce82f1710cc3c125adc30fd1487d3cf6c2cd4994d78d68a47b16989a"},
    {file = "coverage-7.10.5-cp310-cp310-manylinux1_i686.manylinux_2_28_i686.manylinux_2_5_i686.whl", hash = "sha256:02252dc1216e512a9311f596b3169fad54abcb13827a8d76d5630c798a50a754"},
    {file = "coverage-7.10.5-cp310-cp310-manylinux1_x86_64.manylinux_2_28_x86_64.manylinux_2_5_x86_64.whl", hash = "sha256:73269df37883e02d460bee0cc16be90509faea1e3bd105d77360b512d5bb9c33"},
    {file = "coverage-7.10.5-cp310-cp310-manylinux2014_aarch64.manylinux_2_17_aarch64.manylinux_2_28_aarch64.whl", hash = "sha256:1f8a81b0614642f91c9effd53eec284f965577591f51f547a1cbeb32035b4c2f"},
    {file = "coverage-7.10.5-cp310-cp310-musllinux_1_2_aarch64.whl", hash = "sha256:6a29f8e0adb7f8c2b95fa2d4566a1d6e6722e0a637634c6563cb1ab844427dd9"},
    {file = "coverage-7.10.5-cp310-cp310-musllinux_1_2_i686.whl", hash = "sha256:fcf6ab569436b4a647d4e91accba12509ad9f2554bc93d3aee23cc596e7f99c3"},
    {file = "coverage-7.10.5-cp310-cp310-musllinux_1_2_x86_64.whl", hash = "sha256:90dc3d6fb222b194a5de60af8d190bedeeddcbc7add317e4a3cd333ee6b7c879"},
    {file = "coverage-7.10.5-cp310-cp310-win32.whl", hash = "sha256:414a568cd545f9dc75f0686a0049393de8098414b58ea071e03395505b73d7a8"},
    {file = "coverage-7.10.5-cp310-cp310-win_amd64.whl", hash = "sha256:e551f9d03347196271935fd3c0c165f0e8c049220280c1120de0084d65e9c7ff"},
    {file = "coverage-7.10.5-cp311-cp311-macosx_10_9_x86_64.whl", hash = "sha256:c177e6ffe2ebc7c410785307758ee21258aa8e8092b44d09a2da767834f075f2"},
    {file = "coverage-7.10.5-cp311-cp311-macosx_11_0_arm64.whl", hash = "sha256:14d6071c51ad0f703d6440827eaa46386169b5fdced42631d5a5ac419616046f"},
    {file = "coverage-7.10.5-cp311-cp311-manylinux1_i686.manylinux_2_28_i686.manylinux_2_5_i686.whl", hash = "sha256:61f78c7c3bc272a410c5ae3fde7792b4ffb4acc03d35a7df73ca8978826bb7ab"},
    {file = "coverage-7.10.5-cp311-cp311-manylinux1_x86_64.manylinux_2_28_x86_64.manylinux_2_5_x86_64.whl", hash = "sha256:f39071caa126f69d63f99b324fb08c7b1da2ec28cbb1fe7b5b1799926492f65c"},
    {file = "coverage-7.10.5-cp311-cp311-manylinux2014_aarch64.manylinux_2_17_aarch64.manylinux_2_28_aarch64.whl", hash = "sha256:343a023193f04d46edc46b2616cdbee68c94dd10208ecd3adc56fcc54ef2baa1"},
    {file = "coverage-7.10.5-cp311-cp311-musllinux_1_2_aarch64.whl", hash = "sha256:585ffe93ae5894d1ebdee69fc0b0d4b7c75d8007983692fb300ac98eed146f78"},
    {file = "coverage-7.10.5-cp311-cp311-musllinux_1_2_i686.whl", hash = "sha256:b0ef4e66f006ed181df29b59921bd8fc7ed7cd6a9289295cd8b2824b49b570df"},
    {file = "coverage-7.10.5-cp311-cp311-musllinux_1_2_x86_64.whl", hash = "sha256:eb7b0bbf7cc1d0453b843eca7b5fa017874735bef9bfdfa4121373d2cc885ed6"},
    {file = "coverage-7.10.5-cp311-cp311-win32.whl", hash = "sha256:1d043a8a06987cc0c98516e57c4d3fc2c1591364831e9deb59c9e1b4937e8caf"},
    {file = "coverage-7.10.5-cp311-cp311-win_amd64.whl", hash = "sha256:fefafcca09c3ac56372ef64a40f5fe17c5592fab906e0fdffd09543f3012ba50"},
    {file = "coverage-7.10.5-cp311-cp311-win_arm64.whl", hash = "sha256:7e78b767da8b5fc5b2faa69bb001edafcd6f3995b42a331c53ef9572c55ceb82"},
    {file = "coverage-7.10.5-cp312-cp312-macosx_10_13_x86_64.whl", hash = "sha256:c2d05c7e73c60a4cecc7d9b60dbfd603b4ebc0adafaef371445b47d0f805c8a9"},
    {file = "coverage-7.10.5-cp312-cp312-macosx_11_0_arm64.whl", hash = "sha256:32ddaa3b2c509778ed5373b177eb2bf5662405493baeff52278a0b4f9415188b"},
    {file = "coverage-7.10.5-cp312-cp312-manylinux1_i686.manylinux_2_28_i686.manylinux_2_5_i686.whl", hash = "sha256:dd382410039fe062097aa0292ab6335a3f1e7af7bba2ef8d27dcda484918f20c"},
    {file = "coverage-7.10.5-cp312-cp312-manylinux1_x86_64.manylinux_2_28_x86_64.manylinux_2_5_x86_64.whl", hash = "sha256:7fa22800f3908df31cea6fb230f20ac49e343515d968cc3a42b30d5c3ebf9b5a"},
    {file = "coverage-7.10.5-cp312-cp312-manylinux2014_aarch64.manylinux_2_17_aarch64.manylinux_2_28_aarch64.whl", hash = "sha256:f366a57ac81f5e12797136552f5b7502fa053c861a009b91b80ed51f2ce651c6"},
    {file = "coverage-7.10.5-cp312-cp312-musllinux_1_2_aarch64.whl", hash = "sha256:5f1dc8f1980a272ad4a6c84cba7981792344dad33bf5869361576b7aef42733a"},
    {file = "coverage-7.10.5-cp312-cp312-musllinux_1_2_i686.whl", hash = "sha256:2285c04ee8676f7938b02b4936d9b9b672064daab3187c20f73a55f3d70e6b4a"},
    {file = "coverage-7.10.5-cp312-cp312-musllinux_1_2_x86_64.whl", hash = "sha256:c2492e4dd9daab63f5f56286f8a04c51323d237631eb98505d87e4c4ff19ec34"},
    {file = "coverage-7.10.5-cp312-cp312-win32.whl", hash = "sha256:38a9109c4ee8135d5df5505384fc2f20287a47ccbe0b3f04c53c9a1989c2bbaf"},
    {file = "coverage-7.10.5-cp312-cp312-win_amd64.whl", hash = "sha256:6b87f1ad60b30bc3c43c66afa7db6b22a3109902e28c5094957626a0143a001f"},
    {file = "coverage-7.10.5-cp312-cp312-win_arm64.whl", hash = "sha256:672a6c1da5aea6c629819a0e1461e89d244f78d7b60c424ecf4f1f2556c041d8"},
    {file = "coverage-7.10.5-cp313-cp313-macosx_10_13_x86_64.whl", hash = "sha256:ef3b83594d933020f54cf65ea1f4405d1f4e41a009c46df629dd964fcb6e907c"},
    {file = "coverage-7.10.5-cp313-cp313-macosx_11_0_arm64.whl", hash = "sha256:2b96bfdf7c0ea9faebce088a3ecb2382819da4fbc05c7b80040dbc428df6af44"},
    {file = "coverage-7.10.5-cp313-cp313-manylinux1_i686.manylinux_2_28_i686.manylinux_2_5_i686.whl", hash = "sha256:63df1fdaffa42d914d5c4d293e838937638bf75c794cf20bee12978fc8c4e3bc"},
    {file = "coverage-7.10.5-cp313-cp313-manylinux1_x86_64.manylinux_2_28_x86_64.manylinux_2_5_x86_64.whl", hash = "sha256:8002dc6a049aac0e81ecec97abfb08c01ef0c1fbf962d0c98da3950ace89b869"},
    {file = "coverage-7.10.5-cp313-cp313-manylinux2014_aarch64.manylinux_2_17_aarch64.manylinux_2_28_aarch64.whl", hash = "sha256:63d4bb2966d6f5f705a6b0c6784c8969c468dbc4bcf9d9ded8bff1c7e092451f"},
    {file = "coverage-7.10.5-cp313-cp313-musllinux_1_2_aarch64.whl", hash = "sha256:1f672efc0731a6846b157389b6e6d5d5e9e59d1d1a23a5c66a99fd58339914d5"},
    {file = "coverage-7.10.5-cp313-cp313-musllinux_1_2_i686.whl", hash = "sha256:3f39cef43d08049e8afc1fde4a5da8510fc6be843f8dea350ee46e2a26b2f54c"},
    {file = "coverage-7.10.5-cp313-cp313-musllinux_1_2_x86_64.whl", hash = "sha256:2968647e3ed5a6c019a419264386b013979ff1fb67dd11f5c9886c43d6a31fc2"},
    {file = "coverage-7.10.5-cp313-cp313-win32.whl", hash = "sha256:0d511dda38595b2b6934c2b730a1fd57a3635c6aa2a04cb74714cdfdd53846f4"},
    {file = "coverage-7.10.5-cp313-cp313-win_amd64.whl", hash = "sha256:9a86281794a393513cf117177fd39c796b3f8e3759bb2764259a2abba5cce54b"},
    {file = "coverage-7.10.5-cp313-cp313-win_arm64.whl", hash = "sha256:cebd8e906eb98bb09c10d1feed16096700b1198d482267f8bf0474e63a7b8d84"},
    {file = "coverage-7.10.5-cp313-cp313t-macosx_10_13_x86_64.whl", hash = "sha256:0520dff502da5e09d0d20781df74d8189ab334a1e40d5bafe2efaa4158e2d9e7"},
    {file = "coverage-7.10.5-cp313-cp313t-macosx_11_0_arm64.whl", hash = "sha256:d9cd64aca68f503ed3f1f18c7c9174cbb797baba02ca8ab5112f9d1c0328cd4b"},
    {file = "coverage-7.10.5-cp313-cp313t-manylinux1_i686.manylinux_2_28_i686.manylinux_2_5_i686.whl", hash = "sha256:0913dd1613a33b13c4f84aa6e3f4198c1a21ee28ccb4f674985c1f22109f0aae"},
    {file = "coverage-7.10.5-cp313-cp313t-manylinux1_x86_64.manylinux_2_28_x86_64.manylinux_2_5_x86_64.whl", hash = "sha256:1b7181c0feeb06ed8a02da02792f42f829a7b29990fef52eff257fef0885d760"},
    {file = "coverage-7.10.5-cp313-cp313t-manylinux2014_aarch64.manylinux_2_17_aarch64.manylinux_2_28_aarch64.whl", hash = "sha256:36d42b7396b605f774d4372dd9c49bed71cbabce4ae1ccd074d155709dd8f235"},
    {file = "coverage-7.10.5-cp313-cp313t-musllinux_1_2_aarch64.whl", hash = "sha256:b4fdc777e05c4940b297bf47bf7eedd56a39a61dc23ba798e4b830d585486ca5"},
    {file = "coverage-7.10.5-cp313-cp313t-musllinux_1_2_i686.whl", hash = "sha256:42144e8e346de44a6f1dbd0a56575dd8ab8dfa7e9007da02ea5b1c30ab33a7db"},
    {file = "coverage-7.10.5-cp313-cp313t-musllinux_1_2_x86_64.whl", hash = "sha256:66c644cbd7aed8fe266d5917e2c9f65458a51cfe5eeff9c05f15b335f697066e"},
    {file = "coverage-7.10.5-cp313-cp313t-win32.whl", hash = "sha256:2d1b73023854068c44b0c554578a4e1ef1b050ed07cf8b431549e624a29a66ee"},
    {file = "coverage-7.10.5-cp313-cp313t-win_amd64.whl", hash = "sha256:54a1532c8a642d8cc0bd5a9a51f5a9dcc440294fd06e9dda55e743c5ec1a8f14"},
    {file = "coverage-7.10.5-cp313-cp313t-win_arm64.whl", hash = "sha256:74d5b63fe3f5f5d372253a4ef92492c11a4305f3550631beaa432fc9df16fcff"},
    {file = "coverage-7.10.5-cp314-cp314-macosx_10_13_x86_64.whl", hash = "sha256:68c5e0bc5f44f68053369fa0d94459c84548a77660a5f2561c5e5f1e3bed7031"},
    {file = "coverage-7.10.5-cp314-cp314-macosx_11_0_arm64.whl", hash = "sha256:cf33134ffae93865e32e1e37df043bef15a5e857d8caebc0099d225c579b0fa3"},
    {file = "coverage-7.10.5-cp314-cp314-manylinux1_i686.manylinux_2_28_i686.manylinux_2_5_i686.whl", hash = "sha256:ad8fa9d5193bafcf668231294241302b5e683a0518bf1e33a9a0dfb142ec3031"},
    {file = "coverage-7.10.5-cp314-cp314-manylinux1_x86_64.manylinux_2_28_x86_64.manylinux_2_5_x86_64.whl", hash = "sha256:146fa1531973d38ab4b689bc764592fe6c2f913e7e80a39e7eeafd11f0ef6db2"},
    {file = "coverage-7.10.5-cp314-cp314-manylinux2014_aarch64.manylinux_2_17_aarch64.manylinux_2_28_aarch64.whl", hash = "sha256:6013a37b8a4854c478d3219ee8bc2392dea51602dd0803a12d6f6182a0061762"},
    {file = "coverage-7.10.5-cp314-cp314-musllinux_1_2_aarch64.whl", hash = "sha256:eb90fe20db9c3d930fa2ad7a308207ab5b86bf6a76f54ab6a40be4012d88fcae"},
    {file = "coverage-7.10.5-cp314-cp314-musllinux_1_2_i686.whl", hash = "sha256:384b34482272e960c438703cafe63316dfbea124ac62006a455c8410bf2a2262"},
    {file = "coverage-7.10.5-cp314-cp314-musllinux_1_2_x86_64.whl", hash = "sha256:467dc74bd0a1a7de2bedf8deaf6811f43602cb532bd34d81ffd6038d6d8abe99"},
    {file = "coverage-7.10.5-cp314-cp314-win32.whl", hash = "sha256:556d23d4e6393ca898b2e63a5bca91e9ac2d5fb13299ec286cd69a09a7187fde"},
    {file = "coverage-7.10.5-cp314-cp314-win_amd64.whl", hash = "sha256:f4446a9547681533c8fa3e3c6cf62121eeee616e6a92bd9201c6edd91beffe13"},
    {file = "coverage-7.10.5-cp314-cp314-win_arm64.whl", hash = "sha256:5e78bd9cf65da4c303bf663de0d73bf69f81e878bf72a94e9af67137c69b9fe9"},
    {file = "coverage-7.10.5-cp314-cp314t-macosx_10_13_x86_64.whl", hash = "sha256:5661bf987d91ec756a47c7e5df4fbcb949f39e32f9334ccd3f43233bbb65e508"},
    {file = "coverage-7.10.5-cp314-cp314t-macosx_11_0_arm64.whl", hash = "sha256:a46473129244db42a720439a26984f8c6f834762fc4573616c1f37f13994b357"},
    {file = "coverage-7.10.5-cp314-cp314t-manylinux1_i686.manylinux_2_28_i686.manylinux_2_5_i686.whl", hash = "sha256:1f64b8d3415d60f24b058b58d859e9512624bdfa57a2d1f8aff93c1ec45c429b"},
    {file = "coverage-7.10.5-cp314-cp314t-manylinux1_x86_64.manylinux_2_28_x86_64.manylinux_2_5_x86_64.whl", hash = "sha256:44d43de99a9d90b20e0163f9770542357f58860a26e24dc1d924643bd6aa7cb4"},
    {file = "coverage-7.10.5-cp314-cp314t-manylinux2014_aarch64.manylinux_2_17_aarch64.manylinux_2_28_aarch64.whl", hash = "sha256:a931a87e5ddb6b6404e65443b742cb1c14959622777f2a4efd81fba84f5d91ba"},
    {file = "coverage-7.10.5-cp314-cp314t-musllinux_1_2_aarch64.whl", hash = "sha256:f9559b906a100029274448f4c8b8b0a127daa4dade5661dfd821b8c188058842"},
    {file = "coverage-7.10.5-cp314-cp314t-musllinux_1_2_i686.whl", hash = "sha256:b08801e25e3b4526ef9ced1aa29344131a8f5213c60c03c18fe4c6170ffa2874"},
    {file = "coverage-7.10.5-cp314-cp314t-musllinux_1_2_x86_64.whl", hash = "sha256:ed9749bb8eda35f8b636fb7632f1c62f735a236a5d4edadd8bbcc5ea0542e732"},
    {file = "coverage-7.10.5-cp314-cp314t-win32.whl", hash = "sha256:609b60d123fc2cc63ccee6d17e4676699075db72d14ac3c107cc4976d516f2df"},
    {file = "coverage-7.10.5-cp314-cp314t-win_amd64.whl", hash = "sha256:0666cf3d2c1626b5a3463fd5b05f5e21f99e6aec40a3192eee4d07a15970b07f"},
    {file = "coverage-7.10.5-cp314-cp314t-win_arm64.whl", hash = "sha256:bc85eb2d35e760120540afddd3044a5bf69118a91a296a8b3940dfc4fdcfe1e2"},
    {file = "coverage-7.10.5-cp39-cp39-macosx_10_9_x86_64.whl", hash = "sha256:62835c1b00c4a4ace24c1a88561a5a59b612fbb83a525d1c70ff5720c97c0610"},
    {file = "coverage-7.10.5-cp39-cp39-macosx_11_0_arm64.whl", hash = "sha256:5255b3bbcc1d32a4069d6403820ac8e6dbcc1d68cb28a60a1ebf17e47028e898"},
    {file = "coverage-7.10.5-cp39-cp39-manylinux1_i686.manylinux_2_28_i686.manylinux_2_5_i686.whl", hash = "sha256:3876385722e335d6e991c430302c24251ef9c2a9701b2b390f5473199b1b8ebf"},
    {file = "coverage-7.10.5-cp39-cp39-manylinux1_x86_64.manylinux_2_28_x86_64.manylinux_2_5_x86_64.whl", hash = "sha256:8048ce4b149c93447a55d279078c8ae98b08a6951a3c4d2d7e87f4efc7bfe100"},
    {file = "coverage-7.10.5-cp39-cp39-manylinux2014_aarch64.manylinux_2_17_aarch64.manylinux_2_28_aarch64.whl", hash = "sha256:4028e7558e268dd8bcf4d9484aad393cafa654c24b4885f6f9474bf53183a82a"},
    {file = "coverage-7.10.5-cp39-cp39-musllinux_1_2_aarch64.whl", hash = "sha256:03f47dc870eec0367fcdd603ca6a01517d2504e83dc18dbfafae37faec66129a"},
    {file = "coverage-7.10.5-cp39-cp39-musllinux_1_2_i686.whl", hash = "sha256:2d488d7d42b6ded7ea0704884f89dcabd2619505457de8fc9a6011c62106f6e5"},
    {file = "coverage-7.10.5-cp39-cp39-musllinux_1_2_x86_64.whl", hash = "sha256:b3dcf2ead47fa8be14224ee817dfc1df98043af568fe120a22f81c0eb3c34ad2"},
    {file = "coverage-7.10.5-cp39-cp39-win32.whl", hash = "sha256:02650a11324b80057b8c9c29487020073d5e98a498f1857f37e3f9b6ea1b2426"},
    {file = "coverage-7.10.5-cp39-cp39-win_amd64.whl", hash = "sha256:b45264dd450a10f9e03237b41a9a24e85cbb1e278e5a32adb1a303f58f0017f3"},
    {file = "coverage-7.10.5-py3-none-any.whl", hash = "sha256:0be24d35e4db1d23d0db5c0f6a74a962e2ec83c426b5cac09f4234aadef38e4a"},
    {file = "coverage-7.10.5.tar.gz", hash = "sha256:f2e57716a78bc3ae80b2207be0709a3b2b63b9f2dcf9740ee6ac03588a2015b6"},
]

[package.dependencies]
tomli = {version = "*", optional = true, markers = "python_full_version <= \"3.11.0a6\" and extra == \"toml\""}

[package.extras]
toml = ["tomli ; python_full_version <= \"3.11.0a6\""]

[[package]]
name = "diot"
version = "0.3.2"
description = "Python dictionary with dot notation."
optional = false
python-versions = "<4.0,>=3.9"
groups = ["main", "dev"]
files = [
    {file = "diot-0.3.2-py3-none-any.whl", hash = "sha256:5f64146322709cb9b18e30f9115ff65653b36483390c81ae0d7f089cd8306aca"},
    {file = "diot-0.3.2.tar.gz", hash = "sha256:15f4030803ab0b540bb94174b7eecc5676c869bb93fa86e4fb60a0bc4735dfad"},
]

[package.dependencies]
inflection = ">=0.5,<0.6"

[package.extras]
all = ["pyyaml (>=6,<7)", "rtoml (>=0.12,<0.13) ; sys_platform == \"linux\"", "tomli (>=2.0,<3.0) ; sys_platform != \"linux\""]
toml = ["rtoml (>=0.12,<0.13) ; sys_platform == \"linux\"", "tomli (>=2.0,<3.0) ; sys_platform != \"linux\""]
yaml = ["pyyaml (>=6,<7)"]

[[package]]
name = "exceptiongroup"
version = "1.3.0"
description = "Backport of PEP 654 (exception groups)"
optional = false
python-versions = ">=3.7"
groups = ["dev"]
markers = "python_version < \"3.11\""
files = [
    {file = "exceptiongroup-1.3.0-py3-none-any.whl", hash = "sha256:4d111e6e0c13d0644cad6ddaa7ed0261a0b36971f6d23e7ec9b4b9097da78a10"},
    {file = "exceptiongroup-1.3.0.tar.gz", hash = "sha256:b241f5885f560bc56a59ee63ca4c6a8bfa46ae4ad651af316d4e81817bb9fd88"},
]

[package.dependencies]
typing-extensions = {version = ">=4.6.0", markers = "python_version < \"3.13\""}

[package.extras]
test = ["pytest (>=6)"]

[[package]]
name = "inflection"
version = "0.5.1"
description = "A port of Ruby on Rails inflector to Python"
optional = false
python-versions = ">=3.5"
groups = ["main", "dev"]
files = [
    {file = "inflection-0.5.1-py2.py3-none-any.whl", hash = "sha256:f38b2b640938a4f35ade69ac3d053042959b62a0f1076a5bbaa1b9526605a8a2"},
    {file = "inflection-0.5.1.tar.gz", hash = "sha256:1a29730d366e996aaacffb2f1f1cb9593dc38e2ddd30c91250c6dde09ea9b417"},
]

[[package]]
name = "iniconfig"
version = "2.1.0"
description = "brain-dead simple config-ini parsing"
optional = false
python-versions = ">=3.8"
groups = ["dev"]
files = [
    {file = "iniconfig-2.1.0-py3-none-any.whl", hash = "sha256:9deba5723312380e77435581c6bf4935c94cbfab9b1ed33ef8d238ea168eb760"},
    {file = "iniconfig-2.1.0.tar.gz", hash = "sha256:3abbd2e30b36733fee78f9c7f7308f2d0050e88f0087fd25c2645f63c773e1c7"},
]

[[package]]
name = "packaging"
version = "25.0"
description = "Core utilities for Python packages"
optional = false
python-versions = ">=3.8"
groups = ["dev"]
files = [
    {file = "packaging-25.0-py3-none-any.whl", hash = "sha256:29572ef2b1f17581046b3a2227d5c611fb25ec70ca1ba8554b24b0e69331a484"},
    {file = "packaging-25.0.tar.gz", hash = "sha256:d443872c98d677bf60f6a1f2f8c1cb748e8fe762d2bf9d3148b5599295b0fc4f"},
]

[[package]]
name = "pluggy"
version = "1.6.0"
description = "plugin and hook calling mechanisms for python"
optional = false
python-versions = ">=3.9"
groups = ["dev"]
files = [
    {file = "pluggy-1.6.0-py3-none-any.whl", hash = "sha256:e920276dd6813095e9377c0bc5566d94c932c33b27a3e3945d8389c374dd4746"},
    {file = "pluggy-1.6.0.tar.gz", hash = "sha256:7dcc130b76258d33b90f61b658791dede3486c3e6bfb003ee5c9bfb396dd22f3"},
]

[package.extras]
dev = ["pre-commit", "tox"]
testing = ["coverage", "pytest", "pytest-benchmark"]

[[package]]
name = "pygments"
version = "2.19.2"
description = "Pygments is a syntax highlighting package written in Python."
optional = false
python-versions = ">=3.8"
groups = ["dev"]
files = [
    {file = "pygments-2.19.2-py3-none-any.whl", hash = "sha256:86540386c03d588bb81d44bc3928634ff26449851e99741617ecb9037ee5ec0b"},
    {file = "pygments-2.19.2.tar.gz", hash = "sha256:636cb2477cec7f8952536970bc533bc43743542f70392ae026374600add5b887"},
]

[package.extras]
windows-terminal = ["colorama (>=0.4.6)"]

[[package]]
name = "pytest"
version = "8.4.1"
description = "pytest: simple powerful testing with Python"
optional = false
python-versions = ">=3.9"
groups = ["dev"]
files = [
    {file = "pytest-8.4.1-py3-none-any.whl", hash = "sha256:539c70ba6fcead8e78eebbf1115e8b589e7565830d7d006a8723f19ac8a0afb7"},
    {file = "pytest-8.4.1.tar.gz", hash = "sha256:7c67fd69174877359ed9371ec3af8a3d2b04741818c51e5e99cc1742251fa93c"},
]

[package.dependencies]
colorama = {version = ">=0.4", markers = "sys_platform == \"win32\""}
exceptiongroup = {version = ">=1", markers = "python_version < \"3.11\""}
iniconfig = ">=1"
packaging = ">=20"
pluggy = ">=1.5,<2"
pygments = ">=2.7.2"
tomli = {version = ">=1", markers = "python_version < \"3.11\""}

[package.extras]
dev = ["argcomplete", "attrs (>=19.2)", "hypothesis (>=3.56)", "mock", "requests", "setuptools", "xmlschema"]

[[package]]
name = "pytest-cov"
version = "6.2.1"
description = "Pytest plugin for measuring coverage."
optional = false
python-versions = ">=3.9"
groups = ["dev"]
files = [
    {file = "pytest_cov-6.2.1-py3-none-any.whl", hash = "sha256:f5bc4c23f42f1cdd23c70b1dab1bbaef4fc505ba950d53e0081d0730dd7e86d5"},
    {file = "pytest_cov-6.2.1.tar.gz", hash = "sha256:25cc6cc0a5358204b8108ecedc51a9b57b34cc6b8c967cc2c01a4e00d8a67da2"},
]

[package.dependencies]
coverage = {version = ">=7.5", extras = ["toml"]}
pluggy = ">=1.2"
pytest = ">=6.2.5"

[package.extras]
testing = ["fields", "hunter", "process-tests", "pytest-xdist", "virtualenv"]

[[package]]
name = "python-simpleconf"
version = "0.7.0"
description = "Simple configuration management with python."
optional = false
python-versions = "<4.0,>=3.9"
groups = ["main", "dev"]
files = [
    {file = "python_simpleconf-0.7.0-py3-none-any.whl", hash = "sha256:16cd75940a4a5b8776f482fdfc1a3708ad598ff6b236e3bb1edbf2362fbef663"},
    {file = "python_simpleconf-0.7.0.tar.gz", hash = "sha256:fef742e3dee861d20bf591e6e7515c2744b326b201a84c373f86628564bc3f59"},
]

[package.dependencies]
diot = ">=0.3.1,<0.4.0"
rtoml = {version = ">=0.12,<0.13", optional = true, markers = "sys_platform == \"linux\" and (extra == \"toml\" or extra == \"all\")"}
tomli = {version = ">=2.0,<3.0", optional = true, markers = "sys_platform != \"linux\" and (extra == \"toml\" or extra == \"all\")"}

[package.extras]
all = ["iniconfig (>=2.0,<3.0)", "python-dotenv (>=1.0,<2.0)", "pyyaml (>=6,<7)", "rtoml (>=0.12,<0.13) ; sys_platform == \"linux\"", "tomli (>=2.0,<3.0) ; sys_platform != \"linux\""]
env = ["python-dotenv (>=1.0,<2.0)"]
ini = ["iniconfig (>=2.0,<3.0)"]
toml = ["rtoml (>=0.12,<0.13) ; sys_platform == \"linux\"", "tomli (>=2.0,<3.0) ; sys_platform != \"linux\""]
yaml = ["pyyaml (>=6,<7)"]

[[package]]
name = "rtoml"
version = "0.12.0"
description = ""
optional = false
python-versions = ">=3.9"
groups = ["dev"]
markers = "sys_platform == \"linux\""
files = [
    {file = "rtoml-0.12.0-cp310-cp310-macosx_10_12_x86_64.whl", hash = "sha256:750761d30c70ffd45cd30ef8982e4c0665e76914efcc828ff4cd8450acddd328"},
    {file = "rtoml-0.12.0-cp310-cp310-macosx_11_0_arm64.whl", hash = "sha256:af6dd6adc39a5be17dc6b07e13c1dd0e07af095a909e04355b756ad7ee7a7211"},
    {file = "rtoml-0.12.0-cp310-cp310-manylinux_2_17_aarch64.manylinux2014_aarch64.whl", hash = "sha256:4f4f3f7667c4d030669ae378da5d15a5c8dcb0065d12d2505b676f84828426b0"},
    {file = "rtoml-0.12.0-cp310-cp310-manylinux_2_17_armv7l.manylinux2014_armv7l.whl", hash = "sha256:76261f8ffdf78f0947c6628f364807073f3d30c2f480f5d7ee40d09e951ec84a"},
    {file = "rtoml-0.12.0-cp310-cp310-manylinux_2_17_ppc64le.manylinux2014_ppc64le.whl", hash = "sha256:71884d293c34abf37d14b5e561ea0e57d71caa81b6f42c4c04120c7dd19650ca"},
    {file = "rtoml-0.12.0-cp310-cp310-manylinux_2_17_s390x.manylinux2014_s390x.whl", hash = "sha256:4d991801446b964040b914527c62ae42d3f36be52a45be1d1f5fc2f36aa1dce3"},
    {file = "rtoml-0.12.0-cp310-cp310-manylinux_2_17_x86_64.manylinux2014_x86_64.whl", hash = "sha256:08da11609dab48b57ee2969beec593863db1f83957d0879a8bb88d2d41b44f2c"},
    {file = "rtoml-0.12.0-cp310-cp310-manylinux_2_5_i686.manylinux1_i686.whl", hash = "sha256:8a2dbb5aa11ab76e4f2f6fcfc53996eb1a3aaedd8465352b597a8a70e1ec0818"},
    {file = "rtoml-0.12.0-cp310-cp310-musllinux_1_1_aarch64.whl", hash = "sha256:ded14b9b0fce50bfe38eab6a3f8300eb969019f69bd64a3f6eb1b47949d9f34d"},
    {file = "rtoml-0.12.0-cp310-cp310-musllinux_1_1_x86_64.whl", hash = "sha256:79adf4665f50153cb1b625bb1271fd9c0362ce48ffb7ee12c729e7f8087242ce"},
    {file = "rtoml-0.12.0-cp310-cp310-win32.whl", hash = "sha256:17b9628a7c70404fdd440d95eea5ba749653f000773df868d4accc2d61760db4"},
    {file = "rtoml-0.12.0-cp310-cp310-win_amd64.whl", hash = "sha256:540e461998f419a11fd73ebd2aa6de8986af8348ddfd18d2eb2c5f57ec9ed08d"},
    {file = "rtoml-0.12.0-cp311-cp311-macosx_10_12_x86_64.whl", hash = "sha256:d986a7ea113122023a76ff9b2ed40ecc86ff9ed1e5c459010b6b06b5f05ef4ed"},
    {file = "rtoml-0.12.0-cp311-cp311-macosx_11_0_arm64.whl", hash = "sha256:0229a51ec690b30a899b60ec06ae132c4ebf86bc81efd2a9a131f482570324d1"},
    {file = "rtoml-0.12.0-cp311-cp311-manylinux_2_17_aarch64.manylinux2014_aarch64.whl", hash = "sha256:51c9112935bd33dd9d30d45ff37567f0ece78b0ff5aa823072d448a96693f429"},
    {file = "rtoml-0.12.0-cp311-cp311-manylinux_2_17_armv7l.manylinux2014_armv7l.whl", hash = "sha256:69a0bbd81ab27272845f2d2c211f7a1fc18d16ef6fc756796ec636589867c1e5"},
    {file = "rtoml-0.12.0-cp311-cp311-manylinux_2_17_ppc64le.manylinux2014_ppc64le.whl", hash = "sha256:90becb592ac6129b132d299fc4c911c470fbf88d032a0df7987f9a30c8260966"},
    {file = "rtoml-0.12.0-cp311-cp311-manylinux_2_17_s390x.manylinux2014_s390x.whl", hash = "sha256:d70ac00b0d838f5e54a5d957a74399aac2e671c60354f6457e0400c5e509d83d"},
    {file = "rtoml-0.12.0-cp311-cp311-manylinux_2_17_x86_64.manylinux2014_x86_64.whl", hash = "sha256:53ce9204b52a51cb4d7aa29eb846cd78ce8644f3750c8de07f07f1561150c109"},
    {file = "rtoml-0.12.0-cp311-cp311-manylinux_2_5_i686.manylinux1_i686.whl", hash = "sha256:1b59008b2e8e5216aab65a9a711df032a89ef91c5bd66a1e22c74cd5ea4dfe7a"},
    {file = "rtoml-0.12.0-cp311-cp311-musllinux_1_1_aarch64.whl", hash = "sha256:1a571e582b14cf4d36f52ae2066c098e4265714780db9d2ba1f1f2fc6718cf7e"},
    {file = "rtoml-0.12.0-cp311-cp311-musllinux_1_1_x86_64.whl", hash = "sha256:4171fce22163ba0c5f9ca07320d768e25fd3c5603cf56366f327443e60aabc8c"},
    {file = "rtoml-0.12.0-cp311-cp311-win32.whl", hash = "sha256:1f11b74bd8f730bb87fdbace4367d49adec006b75228fea869da3e9e460a20b2"},
    {file = "rtoml-0.12.0-cp311-cp311-win_amd64.whl", hash = "sha256:6bc52a5d177668d9244c09aad75df8dc9a022155e4002850c03badba51585e5c"},
    {file = "rtoml-0.12.0-cp311-cp311-win_arm64.whl", hash = "sha256:e8308f6b585f5b9343fc54bd028d2662c0d6637fa123d5f8b96beef4626a323a"},
    {file = "rtoml-0.12.0-cp312-cp312-macosx_10_12_x86_64.whl", hash = "sha256:ac75a75f15924fa582df465a3b1f4495710e3d4e1930837423ea396bcb1549b6"},
    {file = "rtoml-0.12.0-cp312-cp312-macosx_11_0_arm64.whl", hash = "sha256:fd895de2745b4874498608948a9496e587b3154903ca8c6b4dec8f8b6c2a5252"},
    {file = "rtoml-0.12.0-cp312-cp312-manylinux_2_17_aarch64.manylinux2014_aarch64.whl", hash = "sha256:1c1c82d2a79a943c33b851ec3745580ea93fbc40dcb970288439107b6e4a7062"},
    {file = "rtoml-0.12.0-cp312-cp312-manylinux_2_17_armv7l.manylinux2014_armv7l.whl", hash = "sha256:5ada7cc9fc0b94d1f5095d71d8966d10ee2628d69c574e3ef8c9e6dd36a9d525"},
    {file = "rtoml-0.12.0-cp312-cp312-manylinux_2_17_ppc64le.manylinux2014_ppc64le.whl", hash = "sha256:a7e4c13ed587d5fc8012aaacca3b73d283191f5462f27b005cadbf9a30083428"},
    {file = "rtoml-0.12.0-cp312-cp312-manylinux_2_17_s390x.manylinux2014_s390x.whl", hash = "sha256:cd24ed60f588aa7262528bfabf97ebf776ff1948ae78829c00389813cd482374"},
    {file = "rtoml-0.12.0-cp312-cp312-manylinux_2_17_x86_64.manylinux2014_x86_64.whl", hash = "sha256:827159e7313fa35b8495c3ec1c54526ccd2fbd9713084ad959c4455749b4a68d"},
    {file = "rtoml-0.12.0-cp312-cp312-manylinux_2_5_i686.manylinux1_i686.whl", hash = "sha256:2fad4117620e22482468f28556362e778d44c2065dfac176bf42ac4997214ae4"},
    {file = "rtoml-0.12.0-cp312-cp312-musllinux_1_1_aarch64.whl", hash = "sha256:5248359a67aa034e409f2b06fed02de964bf9dd7f401661076dd7ddf3a81659b"},
    {file = "rtoml-0.12.0-cp312-cp312-musllinux_1_1_x86_64.whl", hash = "sha256:28a81c9335f2d7b9cdb6053940b35c590c675222d4935f7a4b8751071e5a5519"},
    {file = "rtoml-0.12.0-cp312-cp312-win32.whl", hash = "sha256:b28c7882f60622645ff7dd180ddb85f4e018406b674ea86f65d99ac0f75747bc"},
    {file = "rtoml-0.12.0-cp312-cp312-win_amd64.whl", hash = "sha256:d7e187c38a86202bde843a517d341c026f7b0eb098ad5396ed40f93170565bd7"},
    {file = "rtoml-0.12.0-cp312-cp312-win_arm64.whl", hash = "sha256:477131a487140163cc9850a66d92a864fb507b37d81fb3366ad5203d30c85520"},
    {file = "rtoml-0.12.0-cp313-cp313-macosx_10_12_x86_64.whl", hash = "sha256:12e99b493f0d59ad925b307b4c3b15c560ee44c672dce2ddce227e550560af5e"},
    {file = "rtoml-0.12.0-cp313-cp313-macosx_11_0_arm64.whl", hash = "sha256:a058a1739a2519a41afe160280dcd791c202068e477ceb7ebf606830299c63af"},
    {file = "rtoml-0.12.0-cp313-cp313-manylinux_2_17_aarch64.manylinux2014_aarch64.whl", hash = "sha256:8f5ee3825c9c7aad732b184fed58cc2c368360ca8d553516663374937b9497be"},
    {file = "rtoml-0.12.0-cp313-cp313-manylinux_2_17_armv7l.manylinux2014_armv7l.whl", hash = "sha256:3637da07651aa522fcaa81d7944167a9db886c687ec81c31aade0048caa51c97"},
    {file = "rtoml-0.12.0-cp313-cp313-manylinux_2_17_ppc64le.manylinux2014_ppc64le.whl", hash = "sha256:559f77c916cf02e0261756a7924382e5b4a529a316106aba9b7ff4b3b39e227a"},
    {file = "rtoml-0.12.0-cp313-cp313-manylinux_2_17_s390x.manylinux2014_s390x.whl", hash = "sha256:0b9156c2d30a2917f172b9a98c251864d3063dc5bc9764147779245c8a690441"},
    {file = "rtoml-0.12.0-cp313-cp313-manylinux_2_17_x86_64.manylinux2014_x86_64.whl", hash = "sha256:bea9797f08311b0b605cae671abd884724d8d3d6524c184ccf8c70b220a9a68b"},
    {file = "rtoml-0.12.0-cp313-cp313-manylinux_2_5_i686.manylinux1_i686.whl", hash = "sha256:b522f671f8964a79dda162c9985950422e27fe9420dd924257dee0184c8d047f"},
    {file = "rtoml-0.12.0-cp313-cp313-musllinux_1_1_aarch64.whl", hash = "sha256:321ee9dca365b5c1dab8c74617e7f8c941de3fdc10ac9f3c11c9ac261418ed80"},
    {file = "rtoml-0.12.0-cp313-cp313-musllinux_1_1_x86_64.whl", hash = "sha256:57912b150aa48a8a90b599b57691a165092a9f5cf9a98bf431b1cd380e58414a"},
    {file = "rtoml-0.12.0-cp313-cp313-win32.whl", hash = "sha256:7aebc94ed208ff46e6ce469ef30b98095932a3e74b99bde102a0f035d5034620"},
    {file = "rtoml-0.12.0-cp313-cp313-win_amd64.whl", hash = "sha256:1c88e48946adef48dce2dc54f1380f6ff0d580f06770f9ca9600ef330bc06c39"},
    {file = "rtoml-0.12.0-cp313-cp313-win_arm64.whl", hash = "sha256:730770673649220d4265d9986d3a9089d38434f36c1c629b98a58eb2bbee9cfb"},
    {file = "rtoml-0.12.0-cp39-cp39-macosx_10_12_x86_64.whl", hash = "sha256:9d3d266cbb0d42cf83658eb0ecc40288036fe986b200cefd2c6ad8e3c714b4cf"},
    {file = "rtoml-0.12.0-cp39-cp39-macosx_11_0_arm64.whl", hash = "sha256:4e919d19518a8f3c769601105677c2c2c73c1a7a1ac4306830f570801abf3299"},
    {file = "rtoml-0.12.0-cp39-cp39-manylinux_2_17_aarch64.manylinux2014_aarch64.whl", hash = "sha256:48f6ca7405f3bb45307029156b2f69c7048cc8c0cd840356f81f64091030adeb"},
    {file = "rtoml-0.12.0-cp39-cp39-manylinux_2_17_armv7l.manylinux2014_armv7l.whl", hash = "sha256:8c7865af375c8f40e75bcf82cbb10e20d662f239a9f49e5597e28742c938f4e5"},
    {file = "rtoml-0.12.0-cp39-cp39-manylinux_2_17_ppc64le.manylinux2014_ppc64le.whl", hash = "sha256:67e7c7c61224d2b31aa2d6f9bbdd81011a505cb0388f2e9e6d815a840dd6c39a"},
    {file = "rtoml-0.12.0-cp39-cp39-manylinux_2_17_s390x.manylinux2014_s390x.whl", hash = "sha256:206c7ba5ab2a4b5f452565b1751430cc14d7b1423045370e5968a0e5a15846a7"},
    {file = "rtoml-0.12.0-cp39-cp39-manylinux_2_17_x86_64.manylinux2014_x86_64.whl", hash = "sha256:b8f4ae09e9ca8de5bd874b661302f8083dc1a47b0865f99f7becf24903f76736"},
    {file = "rtoml-0.12.0-cp39-cp39-manylinux_2_5_i686.manylinux1_i686.whl", hash = "sha256:3c7b633b74f7590f4c1e1fe36c1e6a26ca6dfa6491b9d91530d6e907b29d296b"},
    {file = "rtoml-0.12.0-cp39-cp39-musllinux_1_1_aarch64.whl", hash = "sha256:63f6742f3e0dd076309c195af422447513ccace978023784607ee22302f4a900"},
    {file = "rtoml-0.12.0-cp39-cp39-musllinux_1_1_x86_64.whl", hash = "sha256:9d5564dcc5ca1755f5bae59e036fb4e255ed59a9f8af836eb2d9765d125b11bb"},
    {file = "rtoml-0.12.0-cp39-cp39-win32.whl", hash = "sha256:fe180b78d026499ee3b42c368a6c060a3d5b23838f17dde42d099839a8f8a2c6"},
    {file = "rtoml-0.12.0-cp39-cp39-win_amd64.whl", hash = "sha256:b7c6bdc9128c0a4ebf45e6720ae03c99ed7443a7135e494d93d3c30c14769eb3"},
    {file = "rtoml-0.12.0.tar.gz", hash = "sha256:662e56bd5953ee7ebcc5798507ae90daa329940a5d5157a48f3d477ebf99c55b"},
]

[[package]]
name = "tomli"
version = "2.2.1"
description = "A lil' TOML parser"
optional = false
python-versions = ">=3.8"
groups = ["dev"]
markers = "python_full_version <= \"3.11.0a6\" or sys_platform != \"linux\""
files = [
    {file = "tomli-2.2.1-cp311-cp311-macosx_10_9_x86_64.whl", hash = "sha256:678e4fa69e4575eb77d103de3df8a895e1591b48e740211bd1067378c69e8249"},
    {file = "tomli-2.2.1-cp311-cp311-macosx_11_0_arm64.whl", hash = "sha256:023aa114dd824ade0100497eb2318602af309e5a55595f76b626d6d9f3b7b0a6"},
    {file = "tomli-2.2.1-cp311-cp311-manylinux_2_17_aarch64.manylinux2014_aarch64.whl", hash = "sha256:ece47d672db52ac607a3d9599a9d48dcb2f2f735c6c2d1f34130085bb12b112a"},
    {file = "tomli-2.2.1-cp311-cp311-manylinux_2_17_x86_64.manylinux2014_x86_64.whl", hash = "sha256:6972ca9c9cc9f0acaa56a8ca1ff51e7af152a9f87fb64623e31d5c83700080ee"},
    {file = "tomli-2.2.1-cp311-cp311-manylinux_2_5_i686.manylinux1_i686.manylinux_2_17_i686.manylinux2014_i686.whl", hash = "sha256:c954d2250168d28797dd4e3ac5cf812a406cd5a92674ee4c8f123c889786aa8e"},
    {file = "tomli-2.2.1-cp311-cp311-musllinux_1_2_aarch64.whl", hash = "sha256:8dd28b3e155b80f4d54beb40a441d366adcfe740969820caf156c019fb5c7ec4"},
    {file = "tomli-2.2.1-cp311-cp311-musllinux_1_2_i686.whl", hash = "sha256:e59e304978767a54663af13c07b3d1af22ddee3bb2fb0618ca1593e4f593a106"},
    {file = "tomli-2.2.1-cp311-cp311-musllinux_1_2_x86_64.whl", hash = "sha256:33580bccab0338d00994d7f16f4c4ec25b776af3ffaac1ed74e0b3fc95e885a8"},
    {file = "tomli-2.2.1-cp311-cp311-win32.whl", hash = "sha256:465af0e0875402f1d226519c9904f37254b3045fc5084697cefb9bdde1ff99ff"},
    {file = "tomli-2.2.1-cp311-cp311-win_amd64.whl", hash = "sha256:2d0f2fdd22b02c6d81637a3c95f8cd77f995846af7414c5c4b8d0545afa1bc4b"},
    {file = "tomli-2.2.1-cp312-cp312-macosx_10_13_x86_64.whl", hash = "sha256:4a8f6e44de52d5e6c657c9fe83b562f5f4256d8ebbfe4ff922c495620a7f6cea"},
    {file = "tomli-2.2.1-cp312-cp312-macosx_11_0_arm64.whl", hash = "sha256:8d57ca8095a641b8237d5b079147646153d22552f1c637fd3ba7f4b0b29167a8"},
    {file = "tomli-2.2.1-cp312-cp312-manylinux_2_17_aarch64.manylinux2014_aarch64.whl", hash = "sha256:4e340144ad7ae1533cb897d406382b4b6fede8890a03738ff1683af800d54192"},
    {file = "tomli-2.2.1-cp312-cp312-manylinux_2_17_x86_64.manylinux2014_x86_64.whl", hash = "sha256:db2b95f9de79181805df90bedc5a5ab4c165e6ec3fe99f970d0e302f384ad222"},
    {file = "tomli-2.2.1-cp312-cp312-manylinux_2_5_i686.manylinux1_i686.manylinux_2_17_i686.manylinux2014_i686.whl", hash = "sha256:40741994320b232529c802f8bc86da4e1aa9f413db394617b9a256ae0f9a7f77"},
    {file = "tomli-2.2.1-cp312-cp312-musllinux_1_2_aarch64.whl", hash = "sha256:400e720fe168c0f8521520190686ef8ef033fb19fc493da09779e592861b78c6"},
    {file = "tomli-2.2.1-cp312-cp312-musllinux_1_2_i686.whl", hash = "sha256:02abe224de6ae62c19f090f68da4e27b10af2b93213d36cf44e6e1c5abd19fdd"},
    {file = "tomli-2.2.1-cp312-cp312-musllinux_1_2_x86_64.whl", hash = "sha256:b82ebccc8c8a36f2094e969560a1b836758481f3dc360ce9a3277c65f374285e"},
    {file = "tomli-2.2.1-cp312-cp312-win32.whl", hash = "sha256:889f80ef92701b9dbb224e49ec87c645ce5df3fa2cc548664eb8a25e03127a98"},
    {file = "tomli-2.2.1-cp312-cp312-win_amd64.whl", hash = "sha256:7fc04e92e1d624a4a63c76474610238576942d6b8950a2d7f908a340494e67e4"},
    {file = "tomli-2.2.1-cp313-cp313-macosx_10_13_x86_64.whl", hash = "sha256:f4039b9cbc3048b2416cc57ab3bda989a6fcf9b36cf8937f01a6e731b64f80d7"},
    {file = "tomli-2.2.1-cp313-cp313-macosx_11_0_arm64.whl", hash = "sha256:286f0ca2ffeeb5b9bd4fcc8d6c330534323ec51b2f52da063b11c502da16f30c"},
    {file = "tomli-2.2.1-cp313-cp313-manylinux_2_17_aarch64.manylinux2014_aarch64.whl", hash = "sha256:a92ef1a44547e894e2a17d24e7557a5e85a9e1d0048b0b5e7541f76c5032cb13"},
    {file = "tomli-2.2.1-cp313-cp313-manylinux_2_17_x86_64.manylinux2014_x86_64.whl", hash = "sha256:9316dc65bed1684c9a98ee68759ceaed29d229e985297003e494aa825ebb0281"},
    {file = "tomli-2.2.1-cp313-cp313-manylinux_2_5_i686.manylinux1_i686.manylinux_2_17_i686.manylinux2014_i686.whl", hash = "sha256:e85e99945e688e32d5a35c1ff38ed0b3f41f43fad8df0bdf79f72b2ba7bc5272"},
    {file = "tomli-2.2.1-cp313-cp313-musllinux_1_2_aarch64.whl", hash = "sha256:ac065718db92ca818f8d6141b5f66369833d4a80a9d74435a268c52bdfa73140"},
    {file = "tomli-2.2.1-cp313-cp313-musllinux_1_2_i686.whl", hash = "sha256:d920f33822747519673ee656a4b6ac33e382eca9d331c87770faa3eef562aeb2"},
    {file = "tomli-2.2.1-cp313-cp313-musllinux_1_2_x86_64.whl", hash = "sha256:a198f10c4d1b1375d7687bc25294306e551bf1abfa4eace6650070a5c1ae2744"},
    {file = "tomli-2.2.1-cp313-cp313-win32.whl", hash = "sha256:d3f5614314d758649ab2ab3a62d4f2004c825922f9e370b29416484086b264ec"},
    {file = "tomli-2.2.1-cp313-cp313-win_amd64.whl", hash = "sha256:a38aa0308e754b0e3c67e344754dff64999ff9b513e691d0e786265c93583c69"},
    {file = "tomli-2.2.1-py3-none-any.whl", hash = "sha256:cb55c73c5f4408779d0cf3eef9f762b9c9f147a77de7b258bef0a5628adc85cc"},
    {file = "tomli-2.2.1.tar.gz", hash = "sha256:cd45e1dc79c835ce60f7404ec8119f2eb06d38b1deba146f07ced3bbc44505ff"},
]

[[package]]
name = "typing-extensions"
version = "4.15.0"
description = "Backported and Experimental Type Hints for Python 3.9+"
optional = false
python-versions = ">=3.9"
groups = ["main", "dev"]
files = [
    {file = "typing_extensions-4.15.0-py3-none-any.whl", hash = "sha256:f0fa19c6845758ab08074a0cfa8b7aecb71c999ca73d62883bc25cc018c4e548"},
    {file = "typing_extensions-4.15.0.tar.gz", hash = "sha256:0cea48d173cc12fa28ecabc3b837ea3cf6f38c6d1136f85cbaaf598984861466"},
]
markers = {main = "extra == \"anypath\" and python_version < \"3.11\"", dev = "python_version < \"3.11\""}

[extras]
anypath = ["cloudpathlib"]

[metadata]
lock-version = "2.1"
python-versions = "^3.9"
content-hash = "9b277b94eec137841ad25754465ad950edf6c81b0d88bf8e63da25af0ddd6c61"
